// !$*UTF8*$!
{
	archiveVersion = 1;
	classes = {
	};
	objectVersion = 56;
	objects = {

/* Begin PBXBuildFile section */
		F479B2112C24B65000602831 /* chatappwithFirebaseApp.swift in Sources */ = {isa = PBXBuildFile; fileRef = F479B2102C24B65000602831 /* chatappwithFirebaseApp.swift */; };
		F479B2132C24B65000602831 /* ContentView.swift in Sources */ = {isa = PBXBuildFile; fileRef = F479B2122C24B65000602831 /* ContentView.swift */; };
		F479B2152C24B65200602831 /* Assets.xcassets in Resources */ = {isa = PBXBuildFile; fileRef = F479B2142C24B65200602831 /* Assets.xcassets */; };
		F479B2182C24B65200602831 /* Preview Assets.xcassets in Resources */ = {isa = PBXBuildFile; fileRef = F479B2172C24B65200602831 /* Preview Assets.xcassets */; };
		F479B2222C24B65300602831 /* chatappwithFirebaseTests.swift in Sources */ = {isa = PBXBuildFile; fileRef = F479B2212C24B65300602831 /* chatappwithFirebaseTests.swift */; };
		F479B22C2C24B65300602831 /* chatappwithFirebaseUITests.swift in Sources */ = {isa = PBXBuildFile; fileRef = F479B22B2C24B65300602831 /* chatappwithFirebaseUITests.swift */; };
		F479B22E2C24B65300602831 /* chatappwithFirebaseUITestsLaunchTests.swift in Sources */ = {isa = PBXBuildFile; fileRef = F479B22D2C24B65300602831 /* chatappwithFirebaseUITestsLaunchTests.swift */; };
		F479B23C2C24B76C00602831 /* TitleRow .swift in Sources */ = {isa = PBXBuildFile; fileRef = F479B23B2C24B76C00602831 /* TitleRow .swift */; };
		F479B23F2C24BFDB00602831 /* Message.swift in Sources */ = {isa = PBXBuildFile; fileRef = F479B23E2C24BFDB00602831 /* Message.swift */; };
		F479B2412C24C31A00602831 /* MensageBubble.swift in Sources */ = {isa = PBXBuildFile; fileRef = F479B2402C24C31A00602831 /* MensageBubble.swift */; };
/* End PBXBuildFile section */

/* Begin PBXContainerItemProxy section */
		F479B21E2C24B65300602831 /* PBXContainerItemProxy */ = {
			isa = PBXContainerItemProxy;
			containerPortal = F479B2052C24B65000602831 /* Project object */;
			proxyType = 1;
			remoteGlobalIDString = F479B20C2C24B65000602831;
			remoteInfo = chatappwithFirebase;
		};
		F479B2282C24B65300602831 /* PBXContainerItemProxy */ = {
			isa = PBXContainerItemProxy;
			containerPortal = F479B2052C24B65000602831 /* Project object */;
			proxyType = 1;
			remoteGlobalIDString = F479B20C2C24B65000602831;
			remoteInfo = chatappwithFirebase;
		};
/* End PBXContainerItemProxy section */

/* Begin PBXFileReference section */
		F479B20D2C24B65000602831 /* chatappwithFirebase.app */ = {isa = PBXFileReference; explicitFileType = wrapper.application; includeInIndex = 0; path = chatappwithFirebase.app; sourceTree = BUILT_PRODUCTS_DIR; };
		F479B2102C24B65000602831 /* chatappwithFirebaseApp.swift */ = {isa = PBXFileReference; lastKnownFileType = sourcecode.swift; path = chatappwithFirebaseApp.swift; sourceTree = "<group>"; };
		F479B2122C24B65000602831 /* ContentView.swift */ = {isa = PBXFileReference; lastKnownFileType = sourcecode.swift; path = ContentView.swift; sourceTree = "<group>"; };
		F479B2142C24B65200602831 /* Assets.xcassets */ = {isa = PBXFileReference; lastKnownFileType = folder.assetcatalog; path = Assets.xcassets; sourceTree = "<group>"; };
		F479B2172C24B65200602831 /* Preview Assets.xcassets */ = {isa = PBXFileReference; lastKnownFileType = folder.assetcatalog; path = "Preview Assets.xcassets"; sourceTree = "<group>"; };
		F479B21D2C24B65300602831 /* chatappwithFirebaseTests.xctest */ = {isa = PBXFileReference; explicitFileType = wrapper.cfbundle; includeInIndex = 0; path = chatappwithFirebaseTests.xctest; sourceTree = BUILT_PRODUCTS_DIR; };
		F479B2212C24B65300602831 /* chatappwithFirebaseTests.swift */ = {isa = PBXFileReference; lastKnownFileType = sourcecode.swift; path = chatappwithFirebaseTests.swift; sourceTree = "<group>"; };
		F479B2272C24B65300602831 /* chatappwithFirebaseUITests.xctest */ = {isa = PBXFileReference; explicitFileType = wrapper.cfbundle; includeInIndex = 0; path = chatappwithFirebaseUITests.xctest; sourceTree = BUILT_PRODUCTS_DIR; };
		F479B22B2C24B65300602831 /* chatappwithFirebaseUITests.swift */ = {isa = PBXFileReference; lastKnownFileType = sourcecode.swift; path = chatappwithFirebaseUITests.swift; sourceTree = "<group>"; };
		F479B22D2C24B65300602831 /* chatappwithFirebaseUITestsLaunchTests.swift */ = {isa = PBXFileReference; lastKnownFileType = sourcecode.swift; path = chatappwithFirebaseUITestsLaunchTests.swift; sourceTree = "<group>"; };
		F479B23B2C24B76C00602831 /* TitleRow .swift */ = {isa = PBXFileReference; lastKnownFileType = sourcecode.swift; path = "TitleRow .swift"; sourceTree = "<group>"; };
		F479B23E2C24BFDB00602831 /* Message.swift */ = {isa = PBXFileReference; lastKnownFileType = sourcecode.swift; path = Message.swift; sourceTree = "<group>"; };
		F479B2402C24C31A00602831 /* MensageBubble.swift */ = {isa = PBXFileReference; lastKnownFileType = sourcecode.swift; path = MensageBubble.swift; sourceTree = "<group>"; };
/* End PBXFileReference section */

/* Begin PBXFrameworksBuildPhase section */
		F479B20A2C24B65000602831 /* Frameworks */ = {
			isa = PBXFrameworksBuildPhase;
			buildActionMask = 2147483647;
			files = (
			);
			runOnlyForDeploymentPostprocessing = 0;
		};
		F479B21A2C24B65300602831 /* Frameworks */ = {
			isa = PBXFrameworksBuildPhase;
			buildActionMask = 2147483647;
			files = (
			);
			runOnlyForDeploymentPostprocessing = 0;
		};
		F479B2242C24B65300602831 /* Frameworks */ = {
			isa = PBXFrameworksBuildPhase;
			buildActionMask = 2147483647;
			files = (
			);
			runOnlyForDeploymentPostprocessing = 0;
		};
/* End PBXFrameworksBuildPhase section */

/* Begin PBXGroup section */
		F479B2042C24B65000602831 = {
			isa = PBXGroup;
			children = (
				F479B20F2C24B65000602831 /* chatappwithFirebase */,
				F479B2202C24B65300602831 /* chatappwithFirebaseTests */,
				F479B22A2C24B65300602831 /* chatappwithFirebaseUITests */,
				F479B20E2C24B65000602831 /* Products */,
			);
			sourceTree = "<group>";
		};
		F479B20E2C24B65000602831 /* Products */ = {
			isa = PBXGroup;
			children = (
				F479B20D2C24B65000602831 /* chatappwithFirebase.app */,
				F479B21D2C24B65300602831 /* chatappwithFirebaseTests.xctest */,
				F479B2272C24B65300602831 /* chatappwithFirebaseUITests.xctest */,
			);
			name = Products;
			sourceTree = "<group>";
		};
		F479B20F2C24B65000602831 /* chatappwithFirebase */ = {
			isa = PBXGroup;
			children = (
				F479B23D2C24BFC800602831 /* Model */,
				F479B23A2C24B75F00602831 /* View */,
				F479B2102C24B65000602831 /* chatappwithFirebaseApp.swift */,
				F479B2122C24B65000602831 /* ContentView.swift */,
				F479B2142C24B65200602831 /* Assets.xcassets */,
				F479B2162C24B65200602831 /* Preview Content */,
			);
			path = chatappwithFirebase;
			sourceTree = "<group>";
		};
		F479B2162C24B65200602831 /* Preview Content */ = {
			isa = PBXGroup;
			children = (
				F479B2172C24B65200602831 /* Preview Assets.xcassets */,
			);
			path = "Preview Content";
			sourceTree = "<group>";
		};
		F479B2202C24B65300602831 /* chatappwithFirebaseTests */ = {
			isa = PBXGroup;
			children = (
				F479B2212C24B65300602831 /* chatappwithFirebaseTests.swift */,
			);
			path = chatappwithFirebaseTests;
			sourceTree = "<group>";
		};
		F479B22A2C24B65300602831 /* chatappwithFirebaseUITests */ = {
			isa = PBXGroup;
			children = (
				F479B22B2C24B65300602831 /* chatappwithFirebaseUITests.swift */,
				F479B22D2C24B65300602831 /* chatappwithFirebaseUITestsLaunchTests.swift */,
			);
			path = chatappwithFirebaseUITests;
			sourceTree = "<group>";
		};
		F479B23A2C24B75F00602831 /* View */ = {
			isa = PBXGroup;
			children = (
				F479B23B2C24B76C00602831 /* TitleRow .swift */,
				F479B2402C24C31A00602831 /* MensageBubble.swift */,
			);
			path = View;
			sourceTree = "<group>";
		};
		F479B23D2C24BFC800602831 /* Model */ = {
			isa = PBXGroup;
			children = (
				F479B23E2C24BFDB00602831 /* Message.swift */,
			);
			path = Model;
			sourceTree = "<group>";
		};
/* End PBXGroup section */

/* Begin PBXNativeTarget section */
		F479B20C2C24B65000602831 /* chatappwithFirebase */ = {
			isa = PBXNativeTarget;
			buildConfigurationList = F479B2312C24B65300602831 /* Build configuration list for PBXNativeTarget "chatappwithFirebase" */;
			buildPhases = (
				F479B2092C24B65000602831 /* Sources */,
				F479B20A2C24B65000602831 /* Frameworks */,
				F479B20B2C24B65000602831 /* Resources */,
			);
			buildRules = (
			);
			dependencies = (
			);
			name = chatappwithFirebase;
			productName = chatappwithFirebase;
			productReference = F479B20D2C24B65000602831 /* chatappwithFirebase.app */;
			productType = "com.apple.product-type.application";
		};
		F479B21C2C24B65300602831 /* chatappwithFirebaseTests */ = {
			isa = PBXNativeTarget;
			buildConfigurationList = F479B2342C24B65300602831 /* Build configuration list for PBXNativeTarget "chatappwithFirebaseTests" */;
			buildPhases = (
				F479B2192C24B65300602831 /* Sources */,
				F479B21A2C24B65300602831 /* Frameworks */,
				F479B21B2C24B65300602831 /* Resources */,
			);
			buildRules = (
			);
			dependencies = (
				F479B21F2C24B65300602831 /* PBXTargetDependency */,
			);
			name = chatappwithFirebaseTests;
			productName = chatappwithFirebaseTests;
			productReference = F479B21D2C24B65300602831 /* chatappwithFirebaseTests.xctest */;
			productType = "com.apple.product-type.bundle.unit-test";
		};
		F479B2262C24B65300602831 /* chatappwithFirebaseUITests */ = {
			isa = PBXNativeTarget;
			buildConfigurationList = F479B2372C24B65300602831 /* Build configuration list for PBXNativeTarget "chatappwithFirebaseUITests" */;
			buildPhases = (
				F479B2232C24B65300602831 /* Sources */,
				F479B2242C24B65300602831 /* Frameworks */,
				F479B2252C24B65300602831 /* Resources */,
			);
			buildRules = (
			);
			dependencies = (
				F479B2292C24B65300602831 /* PBXTargetDependency */,
			);
			name = chatappwithFirebaseUITests;
			productName = chatappwithFirebaseUITests;
			productReference = F479B2272C24B65300602831 /* chatappwithFirebaseUITests.xctest */;
			productType = "com.apple.product-type.bundle.ui-testing";
		};
/* End PBXNativeTarget section */

/* Begin PBXProject section */
		F479B2052C24B65000602831 /* Project object */ = {
			isa = PBXProject;
			attributes = {
				BuildIndependentTargetsInParallel = 1;
				LastSwiftUpdateCheck = 1540;
				LastUpgradeCheck = 1540;
				TargetAttributes = {
					F479B20C2C24B65000602831 = {
						CreatedOnToolsVersion = 15.4;
					};
					F479B21C2C24B65300602831 = {
						CreatedOnToolsVersion = 15.4;
						TestTargetID = F479B20C2C24B65000602831;
					};
					F479B2262C24B65300602831 = {
						CreatedOnToolsVersion = 15.4;
						TestTargetID = F479B20C2C24B65000602831;
					};
				};
			};
			buildConfigurationList = F479B2082C24B65000602831 /* Build configuration list for PBXProject "chatappwithFirebase" */;
			compatibilityVersion = "Xcode 14.0";
			developmentRegion = en;
			hasScannedForEncodings = 0;
			knownRegions = (
				en,
				Base,
			);
			mainGroup = F479B2042C24B65000602831;
			productRefGroup = F479B20E2C24B65000602831 /* Products */;
			projectDirPath = "";
			projectRoot = "";
			targets = (
				F479B20C2C24B65000602831 /* chatappwithFirebase */,
				F479B21C2C24B65300602831 /* chatappwithFirebaseTests */,
				F479B2262C24B65300602831 /* chatappwithFirebaseUITests */,
			);
		};
/* End PBXProject section */

/* Begin PBXResourcesBuildPhase section */
		F479B20B2C24B65000602831 /* Resources */ = {
			isa = PBXResourcesBuildPhase;
			buildActionMask = 2147483647;
			files = (
				F479B2182C24B65200602831 /* Preview Assets.xcassets in Resources */,
				F479B2152C24B65200602831 /* Assets.xcassets in Resources */,
			);
			runOnlyForDeploymentPostprocessing = 0;
		};
		F479B21B2C24B65300602831 /* Resources */ = {
			isa = PBXResourcesBuildPhase;
			buildActionMask = 2147483647;
			files = (
			);
			runOnlyForDeploymentPostprocessing = 0;
		};
		F479B2252C24B65300602831 /* Resources */ = {
			isa = PBXResourcesBuildPhase;
			buildActionMask = 2147483647;
			files = (
			);
			runOnlyForDeploymentPostprocessing = 0;
		};
/* End PBXResourcesBuildPhase section */

/* Begin PBXSourcesBuildPhase section */
		F479B2092C24B65000602831 /* Sources */ = {
			isa = PBXSourcesBuildPhase;
			buildActionMask = 2147483647;
			files = (
				F479B23C2C24B76C00602831 /* TitleRow .swift in Sources */,
				F479B2412C24C31A00602831 /* MensageBubble.swift in Sources */,
				F479B23F2C24BFDB00602831 /* Message.swift in Sources */,
				F479B2132C24B65000602831 /* ContentView.swift in Sources */,
				F479B2112C24B65000602831 /* chatappwithFirebaseApp.swift in Sources */,
			);
			runOnlyForDeploymentPostprocessing = 0;
		};
		F479B2192C24B65300602831 /* Sources */ = {
			isa = PBXSourcesBuildPhase;
			buildActionMask = 2147483647;
			files = (
				F479B2222C24B65300602831 /* chatappwithFirebaseTests.swift in Sources */,
			);
			runOnlyForDeploymentPostprocessing = 0;
		};
		F479B2232C24B65300602831 /* Sources */ = {
			isa = PBXSourcesBuildPhase;
			buildActionMask = 2147483647;
			files = (
				F479B22C2C24B65300602831 /* chatappwithFirebaseUITests.swift in Sources */,
				F479B22E2C24B65300602831 /* chatappwithFirebaseUITestsLaunchTests.swift in Sources */,
			);
			runOnlyForDeploymentPostprocessing = 0;
		};
/* End PBXSourcesBuildPhase section */

/* Begin PBXTargetDependency section */
		F479B21F2C24B65300602831 /* PBXTargetDependency */ = {
			isa = PBXTargetDependency;
			target = F479B20C2C24B65000602831 /* chatappwithFirebase */;
			targetProxy = F479B21E2C24B65300602831 /* PBXContainerItemProxy */;
		};
		F479B2292C24B65300602831 /* PBXTargetDependency */ = {
			isa = PBXTargetDependency;
			target = F479B20C2C24B65000602831 /* chatappwithFirebase */;
			targetProxy = F479B2282C24B65300602831 /* PBXContainerItemProxy */;
		};
/* End PBXTargetDependency section */

/* Begin XCBuildConfiguration section */
		F479B22F2C24B65300602831 /* Debug */ = {
			isa = XCBuildConfiguration;
			buildSettings = {
				ALWAYS_SEARCH_USER_PATHS = NO;
				ASSETCATALOG_COMPILER_GENERATE_SWIFT_ASSET_SYMBOL_EXTENSIONS = YES;
				CLANG_ANALYZER_NONNULL = YES;
				CLANG_ANALYZER_NUMBER_OBJECT_CONVERSION = YES_AGGRESSIVE;
				CLANG_CXX_LANGUAGE_STANDARD = "gnu++20";
				CLANG_ENABLE_MODULES = YES;
				CLANG_ENABLE_OBJC_ARC = YES;
				CLANG_ENABLE_OBJC_WEAK = YES;
				CLANG_WARN_BLOCK_CAPTURE_AUTORELEASING = YES;
				CLANG_WARN_BOOL_CONVERSION = YES;
				CLANG_WARN_COMMA = YES;
				CLANG_WARN_CONSTANT_CONVERSION = YES;
				CLANG_WARN_DEPRECATED_OBJC_IMPLEMENTATIONS = YES;
				CLANG_WARN_DIRECT_OBJC_ISA_USAGE = YES_ERROR;
				CLANG_WARN_DOCUMENTATION_COMMENTS = YES;
				CLANG_WARN_EMPTY_BODY = YES;
				CLANG_WARN_ENUM_CONVERSION = YES;
				CLANG_WARN_INFINITE_RECURSION = YES;
				CLANG_WARN_INT_CONVERSION = YES;
				CLANG_WARN_NON_LITERAL_NULL_CONVERSION = YES;
				CLANG_WARN_OBJC_IMPLICIT_RETAIN_SELF = YES;
				CLANG_WARN_OBJC_LITERAL_CONVERSION = YES;
				CLANG_WARN_OBJC_ROOT_CLASS = YES_ERROR;
				CLANG_WARN_QUOTED_INCLUDE_IN_FRAMEWORK_HEADER = YES;
				CLANG_WARN_RANGE_LOOP_ANALYSIS = YES;
				CLANG_WARN_STRICT_PROTOTYPES = YES;
				CLANG_WARN_SUSPICIOUS_MOVE = YES;
				CLANG_WARN_UNGUARDED_AVAILABILITY = YES_AGGRESSIVE;
				CLANG_WARN_UNREACHABLE_CODE = YES;
				CLANG_WARN__DUPLICATE_METHOD_MATCH = YES;
				COPY_PHASE_STRIP = NO;
				DEBUG_INFORMATION_FORMAT = dwarf;
				ENABLE_STRICT_OBJC_MSGSEND = YES;
				ENABLE_TESTABILITY = YES;
				ENABLE_USER_SCRIPT_SANDBOXING = YES;
				GCC_C_LANGUAGE_STANDARD = gnu17;
				GCC_DYNAMIC_NO_PIC = NO;
				GCC_NO_COMMON_BLOCKS = YES;
				GCC_OPTIMIZATION_LEVEL = 0;
				GCC_PREPROCESSOR_DEFINITIONS = (
					"DEBUG=1",
					"$(inherited)",
				);
				GCC_WARN_64_TO_32_BIT_CONVERSION = YES;
				GCC_WARN_ABOUT_RETURN_TYPE = YES_ERROR;
				GCC_WARN_UNDECLARED_SELECTOR = YES;
				GCC_WARN_UNINITIALIZED_AUTOS = YES_AGGRESSIVE;
				GCC_WARN_UNUSED_FUNCTION = YES;
				GCC_WARN_UNUSED_VARIABLE = YES;
				IPHONEOS_DEPLOYMENT_TARGET = 17.5;
				LOCALIZATION_PREFERS_STRING_CATALOGS = YES;
				MTL_ENABLE_DEBUG_INFO = INCLUDE_SOURCE;
				MTL_FAST_MATH = YES;
				ONLY_ACTIVE_ARCH = YES;
				SDKROOT = iphoneos;
				SWIFT_ACTIVE_COMPILATION_CONDITIONS = "DEBUG $(inherited)";
				SWIFT_OPTIMIZATION_LEVEL = "-Onone";
			};
			name = Debug;
		};
		F479B2302C24B65300602831 /* Release */ = {
			isa = XCBuildConfiguration;
			buildSettings = {
				ALWAYS_SEARCH_USER_PATHS = NO;
				ASSETCATALOG_COMPILER_GENERATE_SWIFT_ASSET_SYMBOL_EXTENSIONS = YES;
				CLANG_ANALYZER_NONNULL = YES;
				CLANG_ANALYZER_NUMBER_OBJECT_CONVERSION = YES_AGGRESSIVE;
				CLANG_CXX_LANGUAGE_STANDARD = "gnu++20";
				CLANG_ENABLE_MODULES = YES;
				CLANG_ENABLE_OBJC_ARC = YES;
				CLANG_ENABLE_OBJC_WEAK = YES;
				CLANG_WARN_BLOCK_CAPTURE_AUTORELEASING = YES;
				CLANG_WARN_BOOL_CONVERSION = YES;
				CLANG_WARN_COMMA = YES;
				CLANG_WARN_CONSTANT_CONVERSION = YES;
				CLANG_WARN_DEPRECATED_OBJC_IMPLEMENTATIONS = YES;
				CLANG_WARN_DIRECT_OBJC_ISA_USAGE = YES_ERROR;
				CLANG_WARN_DOCUMENTATION_COMMENTS = YES;
				CLANG_WARN_EMPTY_BODY = YES;
				CLANG_WARN_ENUM_CONVERSION = YES;
				CLANG_WARN_INFINITE_RECURSION = YES;
				CLANG_WARN_INT_CONVERSION = YES;
				CLANG_WARN_NON_LITERAL_NULL_CONVERSION = YES;
				CLANG_WARN_OBJC_IMPLICIT_RETAIN_SELF = YES;
				CLANG_WARN_OBJC_LITERAL_CONVERSION = YES;
				CLANG_WARN_OBJC_ROOT_CLASS = YES_ERROR;
				CLANG_WARN_QUOTED_INCLUDE_IN_FRAMEWORK_HEADER = YES;
				CLANG_WARN_RANGE_LOOP_ANALYSIS = YES;
				CLANG_WARN_STRICT_PROTOTYPES = YES;
				CLANG_WARN_SUSPICIOUS_MOVE = YES;
				CLANG_WARN_UNGUARDED_AVAILABILITY = YES_AGGRESSIVE;
				CLANG_WARN_UNREACHABLE_CODE = YES;
				CLANG_WARN__DUPLICATE_METHOD_MATCH = YES;
				COPY_PHASE_STRIP = NO;
				DEBUG_INFORMATION_FORMAT = "dwarf-with-dsym";
				ENABLE_NS_ASSERTIONS = NO;
				ENABLE_STRICT_OBJC_MSGSEND = YES;
				ENABLE_USER_SCRIPT_SANDBOXING = YES;
				GCC_C_LANGUAGE_STANDARD = gnu17;
				GCC_NO_COMMON_BLOCKS = YES;
				GCC_WARN_64_TO_32_BIT_CONVERSION = YES;
				GCC_WARN_ABOUT_RETURN_TYPE = YES_ERROR;
				GCC_WARN_UNDECLARED_SELECTOR = YES;
				GCC_WARN_UNINITIALIZED_AUTOS = YES_AGGRESSIVE;
				GCC_WARN_UNUSED_FUNCTION = YES;
				GCC_WARN_UNUSED_VARIABLE = YES;
				IPHONEOS_DEPLOYMENT_TARGET = 17.5;
				LOCALIZATION_PREFERS_STRING_CATALOGS = YES;
				MTL_ENABLE_DEBUG_INFO = NO;
				MTL_FAST_MATH = YES;
				SDKROOT = iphoneos;
				SWIFT_COMPILATION_MODE = wholemodule;
				VALIDATE_PRODUCT = YES;
			};
			name = Release;
		};
		F479B2322C24B65300602831 /* Debug */ = {
			isa = XCBuildConfiguration;
			buildSettings = {
				ASSETCATALOG_COMPILER_APPICON_NAME = AppIcon;
				ASSETCATALOG_COMPILER_GLOBAL_ACCENT_COLOR_NAME = AccentColor;
				CODE_SIGN_STYLE = Automatic;
				CURRENT_PROJECT_VERSION = 1;
				DEVELOPMENT_ASSET_PATHS = "\"chatappwithFirebase/Preview Content\"";
				DEVELOPMENT_TEAM = Y88M7L6GPF;
				ENABLE_PREVIEWS = YES;
				GENERATE_INFOPLIST_FILE = YES;
				INFOPLIST_KEY_UIApplicationSceneManifest_Generation = YES;
				INFOPLIST_KEY_UIApplicationSupportsIndirectInputEvents = YES;
				INFOPLIST_KEY_UILaunchScreen_Generation = YES;
				INFOPLIST_KEY_UISupportedInterfaceOrientations_iPad = "UIInterfaceOrientationPortrait UIInterfaceOrientationPortraitUpsideDown UIInterfaceOrientationLandscapeLeft UIInterfaceOrientationLandscapeRight";
				INFOPLIST_KEY_UISupportedInterfaceOrientations_iPhone = "UIInterfaceOrientationPortrait UIInterfaceOrientationLandscapeLeft UIInterfaceOrientationLandscapeRight";
				LD_RUNPATH_SEARCH_PATHS = (
					"$(inherited)",
					"@executable_path/Frameworks",
				);
				MARKETING_VERSION = 1.0;
				PRODUCT_BUNDLE_IDENTIFIER = StenioLima.chatappwithFirebase;
				PRODUCT_NAME = "$(TARGET_NAME)";
				SWIFT_EMIT_LOC_STRINGS = YES;
				SWIFT_VERSION = 5.0;
				TARGETED_DEVICE_FAMILY = "1,2";
			};
			name = Debug;
		};
		F479B2332C24B65300602831 /* Release */ = {
			isa = XCBuildConfiguration;
			buildSettings = {
				ASSETCATALOG_COMPILER_APPICON_NAME = AppIcon;
				ASSETCATALOG_COMPILER_GLOBAL_ACCENT_COLOR_NAME = AccentColor;
				CODE_SIGN_STYLE = Automatic;
				CURRENT_PROJECT_VERSION = 1;
				DEVELOPMENT_ASSET_PATHS = "\"chatappwithFirebase/Preview Content\"";
				DEVELOPMENT_TEAM = Y88M7L6GPF;
				ENABLE_PREVIEWS = YES;
				GENERATE_INFOPLIST_FILE = YES;
				INFOPLIST_KEY_UIApplicationSceneManifest_Generation = YES;
				INFOPLIST_KEY_UIApplicationSupportsIndirectInputEvents = YES;
				INFOPLIST_KEY_UILaunchScreen_Generation = YES;
				INFOPLIST_KEY_UISupportedInterfaceOrientations_iPad = "UIInterfaceOrientationPortrait UIInterfaceOrientationPortraitUpsideDown UIInterfaceOrientationLandscapeLeft UIInterfaceOrientationLandscapeRight";
				INFOPLIST_KEY_UISupportedInterfaceOrientations_iPhone = "UIInterfaceOrientationPortrait UIInterfaceOrientationLandscapeLeft UIInterfaceOrientationLandscapeRight";
				LD_RUNPATH_SEARCH_PATHS = (
					"$(inherited)",
					"@executable_path/Frameworks",
				);
				MARKETING_VERSION = 1.0;
				PRODUCT_BUNDLE_IDENTIFIER = StenioLima.chatappwithFirebase;
				PRODUCT_NAME = "$(TARGET_NAME)";
				SWIFT_EMIT_LOC_STRINGS = YES;
				SWIFT_VERSION = 5.0;
				TARGETED_DEVICE_FAMILY = "1,2";
			};
			name = Release;
		};
		F479B2352C24B65300602831 /* Debug */ = {
			isa = XCBuildConfiguration;
			buildSettings = {
				ALWAYS_EMBED_SWIFT_STANDARD_LIBRARIES = YES;
				BUNDLE_LOADER = "$(TEST_HOST)";
				CODE_SIGN_STYLE = Automatic;
				CURRENT_PROJECT_VERSION = 1;
				DEVELOPMENT_TEAM = Y88M7L6GPF;
				GENERATE_INFOPLIST_FILE = YES;
				IPHONEOS_DEPLOYMENT_TARGET = 17.5;
				MARKETING_VERSION = 1.0;
				PRODUCT_BUNDLE_IDENTIFIER = StenioLima.chatappwithFirebaseTests;
				PRODUCT_NAME = "$(TARGET_NAME)";
				SWIFT_EMIT_LOC_STRINGS = NO;
				SWIFT_VERSION = 5.0;
				TARGETED_DEVICE_FAMILY = "1,2";
				TEST_HOST = "$(BUILT_PRODUCTS_DIR)/chatappwithFirebase.app/$(BUNDLE_EXECUTABLE_FOLDER_PATH)/chatappwithFirebase";
			};
			name = Debug;
		};
		F479B2362C24B65300602831 /* Release */ = {
			isa = XCBuildConfiguration;
			buildSettings = {
				ALWAYS_EMBED_SWIFT_STANDARD_LIBRARIES = YES;
				BUNDLE_LOADER = "$(TEST_HOST)";
				CODE_SIGN_STYLE = Automatic;
				CURRENT_PROJECT_VERSION = 1;
				DEVELOPMENT_TEAM = Y88M7L6GPF;
				GENERATE_INFOPLIST_FILE = YES;
				IPHONEOS_DEPLOYMENT_TARGET = 17.5;
				MARKETING_VERSION = 1.0;
				PRODUCT_BUNDLE_IDENTIFIER = StenioLima.chatappwithFirebaseTests;
				PRODUCT_NAME = "$(TARGET_NAME)";
				SWIFT_EMIT_LOC_STRINGS = NO;
				SWIFT_VERSION = 5.0;
				TARGETED_DEVICE_FAMILY = "1,2";
				TEST_HOST = "$(BUILT_PRODUCTS_DIR)/chatappwithFirebase.app/$(BUNDLE_EXECUTABLE_FOLDER_PATH)/chatappwithFirebase";
			};
			name = Release;
		};
		F479B2382C24B65300602831 /* Debug */ = {
			isa = XCBuildConfiguration;
			buildSettings = {
				ALWAYS_EMBED_SWIFT_STANDARD_LIBRARIES = YES;
				CODE_SIGN_STYLE = Automatic;
				CURRENT_PROJECT_VERSION = 1;
				DEVELOPMENT_TEAM = Y88M7L6GPF;
				GENERATE_INFOPLIST_FILE = YES;
				MARKETING_VERSION = 1.0;
				PRODUCT_BUNDLE_IDENTIFIER = StenioLima.chatappwithFirebaseUITests;
				PRODUCT_NAME = "$(TARGET_NAME)";
				SWIFT_EMIT_LOC_STRINGS = NO;
				SWIFT_VERSION = 5.0;
				TARGETED_DEVICE_FAMILY = "1,2";
				TEST_TARGET_NAME = chatappwithFirebase;
			};
			name = Debug;
		};
		F479B2392C24B65300602831 /* Release */ = {
			isa = XCBuildConfiguration;
			buildSettings = {
				ALWAYS_EMBED_SWIFT_STANDARD_LIBRARIES = YES;
				CODE_SIGN_STYLE = Automatic;
				CURRENT_PROJECT_VERSION = 1;
				DEVELOPMENT_TEAM = Y88M7L6GPF;
				GENERATE_INFOPLIST_FILE = YES;
				MARKETING_VERSION = 1.0;
				PRODUCT_BUNDLE_IDENTIFIER = StenioLima.chatappwithFirebaseUITests;
				PRODUCT_NAME = "$(TARGET_NAME)";
				SWIFT_EMIT_LOC_STRINGS = NO;
				SWIFT_VERSION = 5.0;
				TARGETED_DEVICE_FAMILY = "1,2";
				TEST_TARGET_NAME = chatappwithFirebase;
			};
			name = Release;
		};
/* End XCBuildConfiguration section */

/* Begin XCConfigurationList section */
		F479B2082C24B65000602831 /* Build configuration list for PBXProject "chatappwithFirebase" */ = {
			isa = XCConfigurationList;
			buildConfigurations = (
				F479B22F2C24B65300602831 /* Debug */,
				F479B2302C24B65300602831 /* Release */,
			);
			defaultConfigurationIsVisible = 0;
			defaultConfigurationName = Release;
		};
		F479B2312C24B65300602831 /* Build configuration list for PBXNativeTarget "chatappwithFirebase" */ = {
			isa = XCConfigurationList;
			buildConfigurations = (
				F479B2322C24B65300602831 /* Debug */,
				F479B2332C24B65300602831 /* Release */,
			);
			defaultConfigurationIsVisible = 0;
			defaultConfigurationName = Release;
		};
		F479B2342C24B65300602831 /* Build configuration list for PBXNativeTarget "chatappwithFirebaseTests" */ = {
			isa = XCConfigurationList;
			buildConfigurations = (
				F479B2352C24B65300602831 /* Debug */,
				F479B2362C24B65300602831 /* Release */,
			);
			defaultConfigurationIsVisible = 0;
			defaultConfigurationName = Release;
		};
		F479B2372C24B65300602831 /* Build configuration list for PBXNativeTarget "chatappwithFirebaseUITests" */ = {
			isa = XCConfigurationList;
			buildConfigurations = (
				F479B2382C24B65300602831 /* Debug */,
				F479B2392C24B65300602831 /* Release */,
			);
			defaultConfigurationIsVisible = 0;
			defaultConfigurationName = Release;
		};
/* End XCConfigurationList section */
	};
	rootObject = F479B2052C24B65000602831 /* Project object */;
}
